
Microsoft Visual Studio Solution File, Format Version 12.00
# Visual Studio Version 17
VisualStudioVersion = 17.7.34221.43
MinimumVisualStudioVersion = 10.0.40219.1
Project("{FAE04EC0-301F-11D3-BF4B-00C04F79EFBC}") = "5program", "5program.csproj", "{FF89EDF5-211C-4AF1-82FF-B870AD2AA0D0}"
EndProject
Global
	GlobalSection(SolutionConfigurationPlatforms) = preSolution
		Debug|Any CPU = Debug|Any CPU
		Release|Any CPU = Release|Any CPU
	EndGlobalSection
	GlobalSection(ProjectConfigurationPlatforms) = postSolution
		{FF89EDF5-211C-4AF1-82FF-B870AD2AA0D0}.Debug|Any CPU.ActiveCfg = Debug|Any CPU
		{FF89EDF5-211C-4AF1-82FF-B870AD2AA0D0}.Debug|Any CPU.Build.0 = Debug|Any CPU
		{FF89EDF5-211C-4AF1-82FF-B870AD2AA0D0}.Release|Any CPU.ActiveCfg = Release|Any CPU
		{FF89EDF5-211C-4AF1-82FF-B870AD2AA0D0}.Release|Any CPU.Build.0 = Release|Any CPU
	EndGlobalSection
	GlobalSection(SolutionProperties) = preSolution
		HideSolutionNode = FALSE
	EndGlobalSection
	GlobalSection(ExtensibilityGlobals) = postSolution
		SolutionGuid = {AEC84EAC-FF78-4A85-B5B3-5706E0B7246E}
	EndGlobalSection
EndGlobal
