
Microsoft Visual Studio Solution File, Format Version 12.00
# Visual Studio Version 17
VisualStudioVersion = 17.7.34221.43
MinimumVisualStudioVersion = 10.0.40219.1
Project("{FAE04EC0-301F-11D3-BF4B-00C04F79EFBC}") = "8program", "8program.csproj", "{1C4797E3-4EA9-42A8-95E8-D58DCA31EC9D}"
EndProject
Global
	GlobalSection(SolutionConfigurationPlatforms) = preSolution
		Debug|Any CPU = Debug|Any CPU
		Release|Any CPU = Release|Any CPU
	EndGlobalSection
	GlobalSection(ProjectConfigurationPlatforms) = postSolution
		{1C4797E3-4EA9-42A8-95E8-D58DCA31EC9D}.Debug|Any CPU.ActiveCfg = Debug|Any CPU
		{1C4797E3-4EA9-42A8-95E8-D58DCA31EC9D}.Debug|Any CPU.Build.0 = Debug|Any CPU
		{1C4797E3-4EA9-42A8-95E8-D58DCA31EC9D}.Release|Any CPU.ActiveCfg = Release|Any CPU
		{1C4797E3-4EA9-42A8-95E8-D58DCA31EC9D}.Release|Any CPU.Build.0 = Release|Any CPU
	EndGlobalSection
	GlobalSection(SolutionProperties) = preSolution
		HideSolutionNode = FALSE
	EndGlobalSection
	GlobalSection(ExtensibilityGlobals) = postSolution
		SolutionGuid = {CF18DF25-5A47-4354-9F63-BA2305B078F7}
	EndGlobalSection
EndGlobal
